// !$*UTF8*$!
{
	archiveVersion = 1;
	classes = {
	};
	objectVersion = 48;
	objects = {

/* Begin PBXBuildFile section */
		87337BE61FE7ED7F003013FE /* AppDelegate.swift in Sources */ = {isa = PBXBuildFile; fileRef = 87337BE51FE7ED7F003013FE /* AppDelegate.swift */; };
		87337BE81FE7ED7F003013FE /* ViewController.swift in Sources */ = {isa = PBXBuildFile; fileRef = 87337BE71FE7ED7F003013FE /* ViewController.swift */; };
		87337BEB1FE7ED7F003013FE /* Main.storyboard in Resources */ = {isa = PBXBuildFile; fileRef = 87337BE91FE7ED7F003013FE /* Main.storyboard */; };
		87337BED1FE7ED7F003013FE /* Assets.xcassets in Resources */ = {isa = PBXBuildFile; fileRef = 87337BEC1FE7ED7F003013FE /* Assets.xcassets */; };
		87337BF01FE7ED7F003013FE /* LaunchScreen.storyboard in Resources */ = {isa = PBXBuildFile; fileRef = 87337BEE1FE7ED7F003013FE /* LaunchScreen.storyboard */; };
		87337BF81FE7F662003013FE /* timerViewController.swift in Sources */ = {isa = PBXBuildFile; fileRef = 87337BF71FE7F662003013FE /* timerViewController.swift */; };
		87337BFA1FE8DFCD003013FE /* labelViewController.swift in Sources */ = {isa = PBXBuildFile; fileRef = 87337BF91FE8DFCD003013FE /* labelViewController.swift */; };
/* End PBXBuildFile section */

/* Begin PBXFileReference section */
		87337BE21FE7ED7F003013FE /* スマホ依存.app */ = {isa = PBXFileReference; explicitFileType = wrapper.application; includeInIndex = 0; path = "スマホ依存.app"; sourceTree = BUILT_PRODUCTS_DIR; };
		87337BE51FE7ED7F003013FE /* AppDelegate.swift */ = {isa = PBXFileReference; lastKnownFileType = sourcecode.swift; path = AppDelegate.swift; sourceTree = "<group>"; };
		87337BE71FE7ED7F003013FE /* ViewController.swift */ = {isa = PBXFileReference; lastKnownFileType = sourcecode.swift; path = ViewController.swift; sourceTree = "<group>"; };
		87337BEA1FE7ED7F003013FE /* Base */ = {isa = PBXFileReference; lastKnownFileType = file.storyboard; name = Base; path = Base.lproj/Main.storyboard; sourceTree = "<group>"; };
		87337BEC1FE7ED7F003013FE /* Assets.xcassets */ = {isa = PBXFileReference; lastKnownFileType = folder.assetcatalog; path = Assets.xcassets; sourceTree = "<group>"; };
		87337BEF1FE7ED7F003013FE /* Base */ = {isa = PBXFileReference; lastKnownFileType = file.storyboard; name = Base; path = Base.lproj/LaunchScreen.storyboard; sourceTree = "<group>"; };
		87337BF11FE7ED7F003013FE /* Info.plist */ = {isa = PBXFileReference; lastKnownFileType = text.plist.xml; path = Info.plist; sourceTree = "<group>"; };
		87337BF71FE7F662003013FE /* timerViewController.swift */ = {isa = PBXFileReference; lastKnownFileType = sourcecode.swift; path = timerViewController.swift; sourceTree = "<group>"; };
		87337BF91FE8DFCD003013FE /* labelViewController.swift */ = {isa = PBXFileReference; lastKnownFileType = sourcecode.swift; path = labelViewController.swift; sourceTree = "<group>"; };
/* End PBXFileReference section */

/* Begin PBXFrameworksBuildPhase section */
		87337BDF1FE7ED7F003013FE /* Frameworks */ = {
			isa = PBXFrameworksBuildPhase;
			buildActionMask = 2147483647;
			files = (
			);
			runOnlyForDeploymentPostprocessing = 0;
		};
/* End PBXFrameworksBuildPhase section */

/* Begin PBXGroup section */
		87337BD91FE7ED7F003013FE = {
			isa = PBXGroup;
			children = (
				87337BE41FE7ED7F003013FE /* スマホ依存 */,
				87337BE31FE7ED7F003013FE /* Products */,
			);
			sourceTree = "<group>";
		};
		87337BE31FE7ED7F003013FE /* Products */ = {
			isa = PBXGroup;
			children = (
				87337BE21FE7ED7F003013FE /* スマホ依存.app */,
			);
			name = Products;
			sourceTree = "<group>";
		};
		87337BE41FE7ED7F003013FE /* スマホ依存 */ = {
			isa = PBXGroup;
			children = (
				87337BE51FE7ED7F003013FE /* AppDelegate.swift */,
				87337BF91FE8DFCD003013FE /* labelViewController.swift */,
				87337BE71FE7ED7F003013FE /* ViewController.swift */,
				87337BF71FE7F662003013FE /* timerViewController.swift */,
				87337BE91FE7ED7F003013FE /* Main.storyboard */,
				87337BEC1FE7ED7F003013FE /* Assets.xcassets */,
				87337BEE1FE7ED7F003013FE /* LaunchScreen.storyboard */,
				87337BF11FE7ED7F003013FE /* Info.plist */,
			);
			path = "スマホ依存";
			sourceTree = "<group>";
		};
/* End PBXGroup section */

/* Begin PBXNativeTarget section */
		87337BE11FE7ED7F003013FE /* スマホ依存 */ = {
			isa = PBXNativeTarget;
			buildConfigurationList = 87337BF41FE7ED7F003013FE /* Build configuration list for PBXNativeTarget "スマホ依存" */;
			buildPhases = (
				87337BDE1FE7ED7F003013FE /* Sources */,
				87337BDF1FE7ED7F003013FE /* Frameworks */,
				87337BE01FE7ED7F003013FE /* Resources */,
			);
			buildRules = (
			);
			dependencies = (
			);
			name = "スマホ依存";
			productName = "スマホ依存";
			productReference = 87337BE21FE7ED7F003013FE /* スマホ依存.app */;
			productType = "com.apple.product-type.application";
		};
/* End PBXNativeTarget section */

/* Begin PBXProject section */
		87337BDA1FE7ED7F003013FE /* Project object */ = {
			isa = PBXProject;
			attributes = {
				LastSwiftUpdateCheck = 0920;
				LastUpgradeCheck = 0920;
				ORGANIZATIONNAME = "菊池隆之";
				TargetAttributes = {
					87337BE11FE7ED7F003013FE = {
						CreatedOnToolsVersion = 9.2;
						ProvisioningStyle = Automatic;
					};
				};
			};
			buildConfigurationList = 87337BDD1FE7ED7F003013FE /* Build configuration list for PBXProject "スマホ依存" */;
			compatibilityVersion = "Xcode 8.0";
			developmentRegion = en;
			hasScannedForEncodings = 0;
			knownRegions = (
				en,
				Base,
			);
			mainGroup = 87337BD91FE7ED7F003013FE;
			productRefGroup = 87337BE31FE7ED7F003013FE /* Products */;
			projectDirPath = "";
			projectRoot = "";
			targets = (
				87337BE11FE7ED7F003013FE /* スマホ依存 */,
			);
		};
/* End PBXProject section */

/* Begin PBXResourcesBuildPhase section */
		87337BE01FE7ED7F003013FE /* Resources */ = {
			isa = PBXResourcesBuildPhase;
			buildActionMask = 2147483647;
			files = (
				87337BF01FE7ED7F003013FE /* LaunchScreen.storyboard in Resources */,
				87337BED1FE7ED7F003013FE /* Assets.xcassets in Resources */,
				87337BEB1FE7ED7F003013FE /* Main.storyboard in Resources */,
			);
			runOnlyForDeploymentPostprocessing = 0;
		};
/* End PBXResourcesBuildPhase section */

/* Begin PBXSourcesBuildPhase section */
		87337BDE1FE7ED7F003013FE /* Sources */ = {
			isa = PBXSourcesBuildPhase;
			buildActionMask = 2147483647;
			files = (
				87337BF81FE7F662003013FE /* timerViewController.swift in Sources */,
				87337BE81FE7ED7F003013FE /* ViewController.swift in Sources */,
				87337BE61FE7ED7F003013FE /* AppDelegate.swift in Sources */,
				87337BFA1FE8DFCD003013FE /* labelViewController.swift in Sources */,
			);
			runOnlyForDeploymentPostprocessing = 0;
		};
/* End PBXSourcesBuildPhase section */

/* Begin PBXVariantGroup section */
		87337BE91FE7ED7F003013FE /* Main.storyboard */ = {
			isa = PBXVariantGroup;
			children = (
				87337BEA1FE7ED7F003013FE /* Base */,
			);
			name = Main.storyboard;
			sourceTree = "<group>";
		};
		87337BEE1FE7ED7F003013FE /* LaunchScreen.storyboard */ = {
			isa = PBXVariantGroup;
			children = (
				87337BEF1FE7ED7F003013FE /* Base */,
			);
			name = LaunchScreen.storyboard;
			sourceTree = "<group>";
		};
/* End PBXVariantGroup section */

/* Begin XCBuildConfiguration section */
		87337BF21FE7ED7F003013FE /* Debug */ = {
			isa = XCBuildConfiguration;
			buildSettings = {
				ALWAYS_SEARCH_USER_PATHS = NO;
				CLANG_ANALYZER_NONNULL = YES;
				CLANG_ANALYZER_NUMBER_OBJECT_CONVERSION = YES_AGGRESSIVE;
				CLANG_CXX_LANGUAGE_STANDARD = "gnu++14";
				CLANG_CXX_LIBRARY = "libc++";
				CLANG_ENABLE_MODULES = YES;
				CLANG_ENABLE_OBJC_ARC = YES;
				CLANG_WARN_BLOCK_CAPTURE_AUTORELEASING = YES;
				CLANG_WARN_BOOL_CONVERSION = YES;
				CLANG_WARN_COMMA = YES;
				CLANG_WARN_CONSTANT_CONVERSION = YES;
				CLANG_WARN_DIRECT_OBJC_ISA_USAGE = YES_ERROR;
				CLANG_WARN_DOCUMENTATION_COMMENTS = YES;
				CLANG_WARN_EMPTY_BODY = YES;
				CLANG_WARN_ENUM_CONVERSION = YES;
				CLANG_WARN_INFINITE_RECURSION = YES;
				CLANG_WARN_INT_CONVERSION = YES;
				CLANG_WARN_NON_LITERAL_NULL_CONVERSION = YES;
				CLANG_WARN_OBJC_LITERAL_CONVERSION = YES;
				CLANG_WARN_OBJC_ROOT_CLASS = YES_ERROR;
				CLANG_WARN_RANGE_LOOP_ANALYSIS = YES;
				CLANG_WARN_STRICT_PROTOTYPES = YES;
				CLANG_WARN_SUSPICIOUS_MOVE = YES;
				CLANG_WARN_UNGUARDED_AVAILABILITY = YES_AGGRESSIVE;
				CLANG_WARN_UNREACHABLE_CODE = YES;
				CLANG_WARN__DUPLICATE_METHOD_MATCH = YES;
				CODE_SIGN_IDENTITY = "iPhone Developer";
				COPY_PHASE_STRIP = NO;
				DEBUG_INFORMATION_FORMAT = dwarf;
				ENABLE_STRICT_OBJC_MSGSEND = YES;
				ENABLE_TESTABILITY = YES;
				GCC_C_LANGUAGE_STANDARD = gnu11;
				GCC_DYNAMIC_NO_PIC = NO;
				GCC_NO_COMMON_BLOCKS = YES;
				GCC_OPTIMIZATION_LEVEL = 0;
				GCC_PREPROCESSOR_DEFINITIONS = (
					"DEBUG=1",
					"$(inherited)",
				);
				GCC_WARN_64_TO_32_BIT_CONVERSION = YES;
				GCC_WARN_ABOUT_RETURN_TYPE = YES_ERROR;
				GCC_WARN_UNDECLARED_SELECTOR = YES;
				GCC_WARN_UNINITIALIZED_AUTOS = YES_AGGRESSIVE;
				GCC_WARN_UNUSED_FUNCTION = YES;
				GCC_WARN_UNUSED_VARIABLE = YES;
				IPHONEOS_DEPLOYMENT_TARGET = 11.2;
				MTL_ENABLE_DEBUG_INFO = YES;
				ONLY_ACTIVE_ARCH = YES;
				SDKROOT = iphoneos;
				SWIFT_ACTIVE_COMPILATION_CONDITIONS = DEBUG;
				SWIFT_OPTIMIZATION_LEVEL = "-Onone";
			};
			name = Debug;
		};
		87337BF31FE7ED7F003013FE /* Release */ = {
			isa = XCBuildConfiguration;
			buildSettings = {
				ALWAYS_SEARCH_USER_PATHS = NO;
				CLANG_ANALYZER_NONNULL = YES;
				CLANG_ANALYZER_NUMBER_OBJECT_CONVERSION = YES_AGGRESSIVE;
				CLANG_CXX_LANGUAGE_STANDARD = "gnu++14";
				CLANG_CXX_LIBRARY = "libc++";
				CLANG_ENABLE_MODULES = YES;
				CLANG_ENABLE_OBJC_ARC = YES;
				CLANG_WARN_BLOCK_CAPTURE_AUTORELEASING = YES;
				CLANG_WARN_BOOL_CONVERSION = YES;
				CLANG_WARN_COMMA = YES;
				CLANG_WARN_CONSTANT_CONVERSION = YES;
				CLANG_WARN_DIRECT_OBJC_ISA_USAGE = YES_ERROR;
				CLANG_WARN_DOCUMENTATION_COMMENTS = YES;
				CLANG_WARN_EMPTY_BODY = YES;
				CLANG_WARN_ENUM_CONVERSION = YES;
				CLANG_WARN_INFINITE_RECURSION = YES;
				CLANG_WARN_INT_CONVERSION = YES;
				CLANG_WARN_NON_LITERAL_NULL_CONVERSION = YES;
				CLANG_WARN_OBJC_LITERAL_CONVERSION = YES;
				CLANG_WARN_OBJC_ROOT_CLASS = YES_ERROR;
				CLANG_WARN_RANGE_LOOP_ANALYSIS = YES;
				CLANG_WARN_STRICT_PROTOTYPES = YES;
				CLANG_WARN_SUSPICIOUS_MOVE = YES;
				CLANG_WARN_UNGUARDED_AVAILABILITY = YES_AGGRESSIVE;
				CLANG_WARN_UNREACHABLE_CODE = YES;
				CLANG_WARN__DUPLICATE_METHOD_MATCH = YES;
				CODE_SIGN_IDENTITY = "iPhone Developer";
				COPY_PHASE_STRIP = NO;
				DEBUG_INFORMATION_FORMAT = "dwarf-with-dsym";
				ENABLE_NS_ASSERTIONS = NO;
				ENABLE_STRICT_OBJC_MSGSEND = YES;
				GCC_C_LANGUAGE_STANDARD = gnu11;
				GCC_NO_COMMON_BLOCKS = YES;
				GCC_WARN_64_TO_32_BIT_CONVERSION = YES;
				GCC_WARN_ABOUT_RETURN_TYPE = YES_ERROR;
				GCC_WARN_UNDECLARED_SELECTOR = YES;
				GCC_WARN_UNINITIALIZED_AUTOS = YES_AGGRESSIVE;
				GCC_WARN_UNUSED_FUNCTION = YES;
				GCC_WARN_UNUSED_VARIABLE = YES;
				IPHONEOS_DEPLOYMENT_TARGET = 11.2;
				MTL_ENABLE_DEBUG_INFO = NO;
				SDKROOT = iphoneos;
				SWIFT_OPTIMIZATION_LEVEL = "-Owholemodule";
				VALIDATE_PRODUCT = YES;
			};
			name = Release;
		};
		87337BF51FE7ED7F003013FE /* Debug */ = {
			isa = XCBuildConfiguration;
			buildSettings = {
				ASSETCATALOG_COMPILER_APPICON_NAME = AppIcon;
				CODE_SIGN_STYLE = Automatic;
				DEVELOPMENT_TEAM = L35R34FVKL;
				INFOPLIST_FILE = "スマホ依存/Info.plist";
				LD_RUNPATH_SEARCH_PATHS = "$(inherited) @executable_path/Frameworks";
				PRODUCT_BUNDLE_IDENTIFIER = "taka-zenkoku-no1-yahoo.co.jp.-----";
				PRODUCT_NAME = "$(TARGET_NAME)";
				SWIFT_VERSION = 4.0;
				TARGETED_DEVICE_FAMILY = 1;
			};
			name = Debug;
		};
		87337BF61FE7ED7F003013FE /* Release */ = {
			isa = XCBuildConfiguration;
			buildSettings = {
				ASSETCATALOG_COMPILER_APPICON_NAME = AppIcon;
				CODE_SIGN_STYLE = Automatic;
				DEVELOPMENT_TEAM = L35R34FVKL;
				INFOPLIST_FILE = "スマホ依存/Info.plist";
				LD_RUNPATH_SEARCH_PATHS = "$(inherited) @executable_path/Frameworks";
				PRODUCT_BUNDLE_IDENTIFIER = "taka-zenkoku-no1-yahoo.co.jp.-----";
				PRODUCT_NAME = "$(TARGET_NAME)";
				SWIFT_VERSION = 4.0;
				TARGETED_DEVICE_FAMILY = 1;
			};
			name = Release;
		};
/* End XCBuildConfiguration section */

/* Begin XCConfigurationList section */
		87337BDD1FE7ED7F003013FE /* Build configuration list for PBXProject "スマホ依存" */ = {
			isa = XCConfigurationList;
			buildConfigurations = (
				87337BF21FE7ED7F003013FE /* Debug */,
				87337BF31FE7ED7F003013FE /* Release */,
			);
			defaultConfigurationIsVisible = 0;
			defaultConfigurationName = Release;
		};
		87337BF41FE7ED7F003013FE /* Build configuration list for PBXNativeTarget "スマホ依存" */ = {
			isa = XCConfigurationList;
			buildConfigurations = (
				87337BF51FE7ED7F003013FE /* Debug */,
				87337BF61FE7ED7F003013FE /* Release */,
			);
			defaultConfigurationIsVisible = 0;
			defaultConfigurationName = Release;
		};
/* End XCConfigurationList section */
	};
	rootObject = 87337BDA1FE7ED7F003013FE /* Project object */;
}
